
Microsoft Visual Studio Solution File, Format Version 12.00
# Visual Studio Version 17
VisualStudioVersion = 17.10.35122.118
MinimumVisualStudioVersion = 10.0.40219.1
Project("{FAE04EC0-301F-11D3-BF4B-00C04F79EFBC}") = "CW-Week13", "CW-Week13\CW-Week13.csproj", "{ED3B900A-85BF-4596-A080-3B55E78C6B3C}"
EndProject
Global
	GlobalSection(SolutionConfigurationPlatforms) = preSolution
		Debug|Any CPU = Debug|Any CPU
		Release|Any CPU = Release|Any CPU
	EndGlobalSection
	GlobalSection(ProjectConfigurationPlatforms) = postSolution
		{ED3B900A-85BF-4596-A080-3B55E78C6B3C}.Debug|Any CPU.ActiveCfg = Debug|Any CPU
		{ED3B900A-85BF-4596-A080-3B55E78C6B3C}.Debug|Any CPU.Build.0 = Debug|Any CPU
		{ED3B900A-85BF-4596-A080-3B55E78C6B3C}.Release|Any CPU.ActiveCfg = Release|Any CPU
		{ED3B900A-85BF-4596-A080-3B55E78C6B3C}.Release|Any CPU.Build.0 = Release|Any CPU
	EndGlobalSection
	GlobalSection(SolutionProperties) = preSolution
		HideSolutionNode = FALSE
	EndGlobalSection
	GlobalSection(ExtensibilityGlobals) = postSolution
		SolutionGuid = {F5B4F41C-207E-4DBA-A166-51D9BB6D1177}
	EndGlobalSection
EndGlobal
